
Microsoft Visual Studio Solution File, Format Version 12.00
# Visual Studio Version 17
VisualStudioVersion = 17.8.34322.80
MinimumVisualStudioVersion = 10.0.40219.1
Project("{FAE04EC0-301F-11D3-BF4B-00C04F79EFBC}") = "app_datagridview_01", "app_datagridview_01\app_datagridview_01.csproj", "{CCE7BDD9-6446-43F7-ACE3-8DD0B510EAAF}"
EndProject
Global
	GlobalSection(SolutionConfigurationPlatforms) = preSolution
		Debug|Any CPU = Debug|Any CPU
		Release|Any CPU = Release|Any CPU
	EndGlobalSection
	GlobalSection(ProjectConfigurationPlatforms) = postSolution
		{CCE7BDD9-6446-43F7-ACE3-8DD0B510EAAF}.Debug|Any CPU.ActiveCfg = Debug|Any CPU
		{CCE7BDD9-6446-43F7-ACE3-8DD0B510EAAF}.Debug|Any CPU.Build.0 = Debug|Any CPU
		{CCE7BDD9-6446-43F7-ACE3-8DD0B510EAAF}.Release|Any CPU.ActiveCfg = Release|Any CPU
		{CCE7BDD9-6446-43F7-ACE3-8DD0B510EAAF}.Release|Any CPU.Build.0 = Release|Any CPU
	EndGlobalSection
	GlobalSection(SolutionProperties) = preSolution
		HideSolutionNode = FALSE
	EndGlobalSection
	GlobalSection(ExtensibilityGlobals) = postSolution
		SolutionGuid = {357CFA4F-4023-4E76-9BFC-1E8C7FF652B8}
	EndGlobalSection
EndGlobal
